
Microsoft Visual Studio Solution File, Format Version 12.00
# Visual Studio Version 17
VisualStudioVersion = 17.1.32210.238
MinimumVisualStudioVersion = 10.0.40219.1
Project("{FAE04EC0-301F-11D3-BF4B-00C04F79EFBC}") = "0200_as_quatro_operações", "0200_as_quatro_operações.csproj", "{C69A5CC2-59F5-4CE1-879F-F8EA397FF150}"
EndProject
Global
	GlobalSection(SolutionConfigurationPlatforms) = preSolution
		Debug|Any CPU = Debug|Any CPU
		Release|Any CPU = Release|Any CPU
	EndGlobalSection
	GlobalSection(ProjectConfigurationPlatforms) = postSolution
		{C69A5CC2-59F5-4CE1-879F-F8EA397FF150}.Debug|Any CPU.ActiveCfg = Debug|Any CPU
		{C69A5CC2-59F5-4CE1-879F-F8EA397FF150}.Debug|Any CPU.Build.0 = Debug|Any CPU
		{C69A5CC2-59F5-4CE1-879F-F8EA397FF150}.Release|Any CPU.ActiveCfg = Release|Any CPU
		{C69A5CC2-59F5-4CE1-879F-F8EA397FF150}.Release|Any CPU.Build.0 = Release|Any CPU
	EndGlobalSection
	GlobalSection(SolutionProperties) = preSolution
		HideSolutionNode = FALSE
	EndGlobalSection
	GlobalSection(ExtensibilityGlobals) = postSolution
		SolutionGuid = {4560878C-56B2-4163-8300-3CDAA16E57A1}
	EndGlobalSection
EndGlobal
